
Microsoft Visual Studio Solution File, Format Version 12.00
# Visual Studio Version 17
VisualStudioVersion = 17.4.33110.190
MinimumVisualStudioVersion = 10.0.40219.1
Project("{9A19103F-16F7-4668-BE54-9A1E7A4F7556}") = "CoreBridgeTest", "CoreBridgeTest\CoreBridgeTest.csproj", "{11835A67-A11D-49B3-A491-A4DCDF8F7618}"
EndProject
Project("{9A19103F-16F7-4668-BE54-9A1E7A4F7556}") = "CoreBridge", "CoreBridge\CoreBridge.csproj", "{8632CF0C-D80B-4889-B72F-9E6082FAFB82}"
EndProject
Project("{E53339B2-1760-4266-BCC7-CA923CBCF16C}") = "docker-compose", "docker-compose.dcproj", "{255170B0-F275-4869-B2A3-5681E018CED3}"
EndProject
Global
	GlobalSection(SolutionConfigurationPlatforms) = preSolution
		Debug|Any CPU = Debug|Any CPU
		Release|Any CPU = Release|Any CPU
	EndGlobalSection
	GlobalSection(ProjectConfigurationPlatforms) = postSolution
		{11835A67-A11D-49B3-A491-A4DCDF8F7618}.Debug|Any CPU.ActiveCfg = Debug|Any CPU
		{11835A67-A11D-49B3-A491-A4DCDF8F7618}.Debug|Any CPU.Build.0 = Debug|Any CPU
		{11835A67-A11D-49B3-A491-A4DCDF8F7618}.Release|Any CPU.ActiveCfg = Release|Any CPU
		{11835A67-A11D-49B3-A491-A4DCDF8F7618}.Release|Any CPU.Build.0 = Release|Any CPU
		{8632CF0C-D80B-4889-B72F-9E6082FAFB82}.Debug|Any CPU.ActiveCfg = Debug|Any CPU
		{8632CF0C-D80B-4889-B72F-9E6082FAFB82}.Debug|Any CPU.Build.0 = Debug|Any CPU
		{8632CF0C-D80B-4889-B72F-9E6082FAFB82}.Release|Any CPU.ActiveCfg = Release|Any CPU
		{8632CF0C-D80B-4889-B72F-9E6082FAFB82}.Release|Any CPU.Build.0 = Release|Any CPU
		{255170B0-F275-4869-B2A3-5681E018CED3}.Debug|Any CPU.ActiveCfg = Debug|Any CPU
		{255170B0-F275-4869-B2A3-5681E018CED3}.Debug|Any CPU.Build.0 = Debug|Any CPU
		{255170B0-F275-4869-B2A3-5681E018CED3}.Release|Any CPU.ActiveCfg = Release|Any CPU
		{255170B0-F275-4869-B2A3-5681E018CED3}.Release|Any CPU.Build.0 = Release|Any CPU
	EndGlobalSection
	GlobalSection(SolutionProperties) = preSolution
		HideSolutionNode = FALSE
	EndGlobalSection
	GlobalSection(ExtensibilityGlobals) = postSolution
		SolutionGuid = {929F185B-439A-458D-851F-09E818778755}
	EndGlobalSection
EndGlobal
